
Microsoft Visual Studio Solution File, Format Version 12.00
# Visual Studio 2013
VisualStudioVersion = 12.0.21005.1
MinimumVisualStudioVersion = 10.0.40219.1
Project("{FAE04EC0-301F-11D3-BF4B-00C04F79EFBC}") = "1. _2_4_8", "2-4-8\1. _2_4_8.csproj", "{8136317D-B5DE-4ACF-9792-973FB70E9C6E}"
EndProject
Project("{FAE04EC0-301F-11D3-BF4B-00C04F79EFBC}") = "2. NightmareOnCodeStreet", "NightmareOnCodeStreet\2. NightmareOnCodeStreet.csproj", "{A5E7CFBB-8B64-4E7F-89DE-2BED62398524}"
EndProject
Project("{FAE04EC0-301F-11D3-BF4B-00C04F79EFBC}") = "5. GameOfPage", "GameOfPage\5. GameOfPage.csproj", "{77CC2869-AC31-4DD9-977E-79931F1A5026}"
EndProject
Global
	GlobalSection(SolutionConfigurationPlatforms) = preSolution
		Debug|Any CPU = Debug|Any CPU
		Release|Any CPU = Release|Any CPU
	EndGlobalSection
	GlobalSection(ProjectConfigurationPlatforms) = postSolution
		{8136317D-B5DE-4ACF-9792-973FB70E9C6E}.Debug|Any CPU.ActiveCfg = Debug|Any CPU
		{8136317D-B5DE-4ACF-9792-973FB70E9C6E}.Debug|Any CPU.Build.0 = Debug|Any CPU
		{8136317D-B5DE-4ACF-9792-973FB70E9C6E}.Release|Any CPU.ActiveCfg = Release|Any CPU
		{8136317D-B5DE-4ACF-9792-973FB70E9C6E}.Release|Any CPU.Build.0 = Release|Any CPU
		{A5E7CFBB-8B64-4E7F-89DE-2BED62398524}.Debug|Any CPU.ActiveCfg = Debug|Any CPU
		{A5E7CFBB-8B64-4E7F-89DE-2BED62398524}.Debug|Any CPU.Build.0 = Debug|Any CPU
		{A5E7CFBB-8B64-4E7F-89DE-2BED62398524}.Release|Any CPU.ActiveCfg = Release|Any CPU
		{A5E7CFBB-8B64-4E7F-89DE-2BED62398524}.Release|Any CPU.Build.0 = Release|Any CPU
		{77CC2869-AC31-4DD9-977E-79931F1A5026}.Debug|Any CPU.ActiveCfg = Debug|Any CPU
		{77CC2869-AC31-4DD9-977E-79931F1A5026}.Debug|Any CPU.Build.0 = Debug|Any CPU
		{77CC2869-AC31-4DD9-977E-79931F1A5026}.Release|Any CPU.ActiveCfg = Release|Any CPU
		{77CC2869-AC31-4DD9-977E-79931F1A5026}.Release|Any CPU.Build.0 = Release|Any CPU
	EndGlobalSection
	GlobalSection(SolutionProperties) = preSolution
		HideSolutionNode = FALSE
	EndGlobalSection
EndGlobal
